
Microsoft Visual Studio Solution File, Format Version 12.00
# Visual Studio Version 16
VisualStudioVersion = 16.0.29806.167
MinimumVisualStudioVersion = 10.0.40219.1
Project("{FAE04EC0-301F-11D3-BF4B-00C04F79EFBC}") = "PetShopApp.Android", "PetShopApp.Android\PetShopApp.Android.csproj", "{DE0EDD7D-1310-4372-950A-126506C7CD7E}"
EndProject
Project("{FAE04EC0-301F-11D3-BF4B-00C04F79EFBC}") = "PetShopApp.iOS", "PetShopApp.iOS\PetShopApp.iOS.csproj", "{26140300-8C0E-4414-8E70-AA6FD34915E2}"
EndProject
Project("{9A19103F-16F7-4668-BE54-9A1E7A4F7556}") = "PetShopApp", "PetShopApp\PetShopApp.csproj", "{178FBA55-62FB-4D0B-987B-0C723A5A4B4F}"
EndProject
Global
	GlobalSection(SolutionConfigurationPlatforms) = preSolution
		Debug|Any CPU = Debug|Any CPU
		Debug|iPhone = Debug|iPhone
		Debug|iPhoneSimulator = Debug|iPhoneSimulator
		Release|Any CPU = Release|Any CPU
		Release|iPhone = Release|iPhone
		Release|iPhoneSimulator = Release|iPhoneSimulator
	EndGlobalSection
	GlobalSection(ProjectConfigurationPlatforms) = postSolution
		{DE0EDD7D-1310-4372-950A-126506C7CD7E}.Debug|Any CPU.ActiveCfg = Debug|Any CPU
		{DE0EDD7D-1310-4372-950A-126506C7CD7E}.Debug|Any CPU.Build.0 = Debug|Any CPU
		{DE0EDD7D-1310-4372-950A-126506C7CD7E}.Debug|Any CPU.Deploy.0 = Debug|Any CPU
		{DE0EDD7D-1310-4372-950A-126506C7CD7E}.Debug|iPhone.ActiveCfg = Debug|Any CPU
		{DE0EDD7D-1310-4372-950A-126506C7CD7E}.Debug|iPhone.Build.0 = Debug|Any CPU
		{DE0EDD7D-1310-4372-950A-126506C7CD7E}.Debug|iPhone.Deploy.0 = Debug|Any CPU
		{DE0EDD7D-1310-4372-950A-126506C7CD7E}.Debug|iPhoneSimulator.ActiveCfg = Debug|Any CPU
		{DE0EDD7D-1310-4372-950A-126506C7CD7E}.Debug|iPhoneSimulator.Build.0 = Debug|Any CPU
		{DE0EDD7D-1310-4372-950A-126506C7CD7E}.Debug|iPhoneSimulator.Deploy.0 = Debug|Any CPU
		{DE0EDD7D-1310-4372-950A-126506C7CD7E}.Release|Any CPU.ActiveCfg = Release|Any CPU
		{DE0EDD7D-1310-4372-950A-126506C7CD7E}.Release|Any CPU.Build.0 = Release|Any CPU
		{DE0EDD7D-1310-4372-950A-126506C7CD7E}.Release|Any CPU.Deploy.0 = Release|Any CPU
		{DE0EDD7D-1310-4372-950A-126506C7CD7E}.Release|iPhone.ActiveCfg = Release|Any CPU
		{DE0EDD7D-1310-4372-950A-126506C7CD7E}.Release|iPhone.Build.0 = Release|Any CPU
		{DE0EDD7D-1310-4372-950A-126506C7CD7E}.Release|iPhone.Deploy.0 = Release|Any CPU
		{DE0EDD7D-1310-4372-950A-126506C7CD7E}.Release|iPhoneSimulator.ActiveCfg = Release|Any CPU
		{DE0EDD7D-1310-4372-950A-126506C7CD7E}.Release|iPhoneSimulator.Build.0 = Release|Any CPU
		{DE0EDD7D-1310-4372-950A-126506C7CD7E}.Release|iPhoneSimulator.Deploy.0 = Release|Any CPU
		{26140300-8C0E-4414-8E70-AA6FD34915E2}.Debug|Any CPU.ActiveCfg = Debug|iPhoneSimulator
		{26140300-8C0E-4414-8E70-AA6FD34915E2}.Debug|Any CPU.Build.0 = Debug|iPhoneSimulator
		{26140300-8C0E-4414-8E70-AA6FD34915E2}.Debug|Any CPU.Deploy.0 = Debug|iPhoneSimulator
		{26140300-8C0E-4414-8E70-AA6FD34915E2}.Debug|iPhone.ActiveCfg = Debug|iPhone
		{26140300-8C0E-4414-8E70-AA6FD34915E2}.Debug|iPhone.Build.0 = Debug|iPhone
		{26140300-8C0E-4414-8E70-AA6FD34915E2}.Debug|iPhone.Deploy.0 = Debug|iPhone
		{26140300-8C0E-4414-8E70-AA6FD34915E2}.Debug|iPhoneSimulator.ActiveCfg = Debug|iPhoneSimulator
		{26140300-8C0E-4414-8E70-AA6FD34915E2}.Debug|iPhoneSimulator.Build.0 = Debug|iPhoneSimulator
		{26140300-8C0E-4414-8E70-AA6FD34915E2}.Debug|iPhoneSimulator.Deploy.0 = Debug|iPhoneSimulator
		{26140300-8C0E-4414-8E70-AA6FD34915E2}.Release|Any CPU.ActiveCfg = Release|iPhone
		{26140300-8C0E-4414-8E70-AA6FD34915E2}.Release|Any CPU.Build.0 = Release|iPhone
		{26140300-8C0E-4414-8E70-AA6FD34915E2}.Release|Any CPU.Deploy.0 = Release|iPhone
		{26140300-8C0E-4414-8E70-AA6FD34915E2}.Release|iPhone.ActiveCfg = Release|iPhone
		{26140300-8C0E-4414-8E70-AA6FD34915E2}.Release|iPhone.Build.0 = Release|iPhone
		{26140300-8C0E-4414-8E70-AA6FD34915E2}.Release|iPhone.Deploy.0 = Release|iPhone
		{26140300-8C0E-4414-8E70-AA6FD34915E2}.Release|iPhoneSimulator.ActiveCfg = Release|iPhoneSimulator
		{26140300-8C0E-4414-8E70-AA6FD34915E2}.Release|iPhoneSimulator.Build.0 = Release|iPhoneSimulator
		{26140300-8C0E-4414-8E70-AA6FD34915E2}.Release|iPhoneSimulator.Deploy.0 = Release|iPhoneSimulator
		{178FBA55-62FB-4D0B-987B-0C723A5A4B4F}.Debug|Any CPU.ActiveCfg = Debug|Any CPU
		{178FBA55-62FB-4D0B-987B-0C723A5A4B4F}.Debug|Any CPU.Build.0 = Debug|Any CPU
		{178FBA55-62FB-4D0B-987B-0C723A5A4B4F}.Debug|Any CPU.Deploy.0 = Debug|Any CPU
		{178FBA55-62FB-4D0B-987B-0C723A5A4B4F}.Debug|iPhone.ActiveCfg = Debug|Any CPU
		{178FBA55-62FB-4D0B-987B-0C723A5A4B4F}.Debug|iPhone.Build.0 = Debug|Any CPU
		{178FBA55-62FB-4D0B-987B-0C723A5A4B4F}.Debug|iPhone.Deploy.0 = Debug|Any CPU
		{178FBA55-62FB-4D0B-987B-0C723A5A4B4F}.Debug|iPhoneSimulator.ActiveCfg = Debug|Any CPU
		{178FBA55-62FB-4D0B-987B-0C723A5A4B4F}.Debug|iPhoneSimulator.Build.0 = Debug|Any CPU
		{178FBA55-62FB-4D0B-987B-0C723A5A4B4F}.Debug|iPhoneSimulator.Deploy.0 = Debug|Any CPU
		{178FBA55-62FB-4D0B-987B-0C723A5A4B4F}.Release|Any CPU.ActiveCfg = Release|Any CPU
		{178FBA55-62FB-4D0B-987B-0C723A5A4B4F}.Release|Any CPU.Build.0 = Release|Any CPU
		{178FBA55-62FB-4D0B-987B-0C723A5A4B4F}.Release|Any CPU.Deploy.0 = Release|Any CPU
		{178FBA55-62FB-4D0B-987B-0C723A5A4B4F}.Release|iPhone.ActiveCfg = Release|Any CPU
		{178FBA55-62FB-4D0B-987B-0C723A5A4B4F}.Release|iPhone.Build.0 = Release|Any CPU
		{178FBA55-62FB-4D0B-987B-0C723A5A4B4F}.Release|iPhone.Deploy.0 = Release|Any CPU
		{178FBA55-62FB-4D0B-987B-0C723A5A4B4F}.Release|iPhoneSimulator.ActiveCfg = Release|Any CPU
		{178FBA55-62FB-4D0B-987B-0C723A5A4B4F}.Release|iPhoneSimulator.Build.0 = Release|Any CPU
		{178FBA55-62FB-4D0B-987B-0C723A5A4B4F}.Release|iPhoneSimulator.Deploy.0 = Release|Any CPU
	EndGlobalSection
	GlobalSection(SolutionProperties) = preSolution
		HideSolutionNode = FALSE
	EndGlobalSection
	GlobalSection(ExtensibilityGlobals) = postSolution
		SolutionGuid = {0988F2BE-099F-476B-A379-9DD910C24866}
	EndGlobalSection
EndGlobal
